
Microsoft Visual Studio Solution File, Format Version 12.00
# Visual Studio Version 16
VisualStudioVersion = 16.0.29806.167
MinimumVisualStudioVersion = 10.0.40219.1
Project("{FAE04EC0-301F-11D3-BF4B-00C04F79EFBC}") = "QLSV", "QLSV\QLSV.csproj", "{14731C7A-666B-4D80-9B84-54858EB3C06F}"
EndProject
Project("{FAE04EC0-301F-11D3-BF4B-00C04F79EFBC}") = "SVModel", "SVModel\SVModel.csproj", "{63F9C0D4-B459-46C8-9D88-CCB4AD0B9205}"
EndProject
Global
	GlobalSection(SolutionConfigurationPlatforms) = preSolution
		Debug|Any CPU = Debug|Any CPU
		Release|Any CPU = Release|Any CPU
	EndGlobalSection
	GlobalSection(ProjectConfigurationPlatforms) = postSolution
		{14731C7A-666B-4D80-9B84-54858EB3C06F}.Debug|Any CPU.ActiveCfg = Debug|Any CPU
		{14731C7A-666B-4D80-9B84-54858EB3C06F}.Debug|Any CPU.Build.0 = Debug|Any CPU
		{14731C7A-666B-4D80-9B84-54858EB3C06F}.Release|Any CPU.ActiveCfg = Release|Any CPU
		{14731C7A-666B-4D80-9B84-54858EB3C06F}.Release|Any CPU.Build.0 = Release|Any CPU
		{63F9C0D4-B459-46C8-9D88-CCB4AD0B9205}.Debug|Any CPU.ActiveCfg = Debug|Any CPU
		{63F9C0D4-B459-46C8-9D88-CCB4AD0B9205}.Debug|Any CPU.Build.0 = Debug|Any CPU
		{63F9C0D4-B459-46C8-9D88-CCB4AD0B9205}.Release|Any CPU.ActiveCfg = Release|Any CPU
		{63F9C0D4-B459-46C8-9D88-CCB4AD0B9205}.Release|Any CPU.Build.0 = Release|Any CPU
	EndGlobalSection
	GlobalSection(SolutionProperties) = preSolution
		HideSolutionNode = FALSE
	EndGlobalSection
	GlobalSection(ExtensibilityGlobals) = postSolution
		SolutionGuid = {3272C44F-7A60-4A01-A3D4-204086AB6E76}
	EndGlobalSection
EndGlobal
